
Microsoft Visual Studio Solution File, Format Version 12.00
# Visual Studio Version 17
VisualStudioVersion = 17.4.33205.214
MinimumVisualStudioVersion = 10.0.40219.1
Project("{9A19103F-16F7-4668-BE54-9A1E7A4F7556}") = "IAB", "IAB.csproj", "{293B29F2-0D69-4A94-8809-9523BA59A752}"
EndProject
Global
	GlobalSection(SolutionConfigurationPlatforms) = preSolution
		Debug|Any CPU = Debug|Any CPU
		Release|Any CPU = Release|Any CPU
	EndGlobalSection
	GlobalSection(ProjectConfigurationPlatforms) = postSolution
		{293B29F2-0D69-4A94-8809-9523BA59A752}.Debug|Any CPU.ActiveCfg = Debug|Any CPU
		{293B29F2-0D69-4A94-8809-9523BA59A752}.Debug|Any CPU.Build.0 = Debug|Any CPU
		{293B29F2-0D69-4A94-8809-9523BA59A752}.Release|Any CPU.ActiveCfg = Release|Any CPU
		{293B29F2-0D69-4A94-8809-9523BA59A752}.Release|Any CPU.Build.0 = Release|Any CPU
	EndGlobalSection
	GlobalSection(SolutionProperties) = preSolution
		HideSolutionNode = FALSE
	EndGlobalSection
	GlobalSection(ExtensibilityGlobals) = postSolution
		SolutionGuid = {B06B19FC-7F80-43DF-8584-22686A4AF963}
	EndGlobalSection
EndGlobal
