{
  "version": 1,
  "dependencies": {
    "net6.0-windows7.0": {
      "OpenFin.Net.Adapter": {
        "type": "Direct",
        "requested": "[36.122.1, )",
        "resolved": "36.122.1",
        "contentHash": "OWo9eU162nFC5b7CneE1hHdE1MRnYFByHFbTzqruH/94r+A5IL4LhdR/Yr4i89CFC/mavheU7gclEWV8cM0T7Q=="
      }
    }
  }
}