
Microsoft Visual Studio Solution File, Format Version 12.00
# Visual Studio Version 17
VisualStudioVersion = 17.8.34316.72
MinimumVisualStudioVersion = 10.0.40219.1
Project("{FAE04EC0-301F-11D3-BF4B-00C04F79EFBC}") = "OpenFin-Test-MVC-ClientSide", "OpenFin-Test-MVC-ClientSide.csproj", "{4E86D8C5-D700-4BE8-812E-08620EBD5AE2}"
EndProject
Global
	GlobalSection(SolutionConfigurationPlatforms) = preSolution
		Debug|Any CPU = Debug|Any CPU
		Release|Any CPU = Release|Any CPU
	EndGlobalSection
	GlobalSection(ProjectConfigurationPlatforms) = postSolution
		{4E86D8C5-D700-4BE8-812E-08620EBD5AE2}.Debug|Any CPU.ActiveCfg = Debug|Any CPU
		{4E86D8C5-D700-4BE8-812E-08620EBD5AE2}.Debug|Any CPU.Build.0 = Debug|Any CPU
		{4E86D8C5-D700-4BE8-812E-08620EBD5AE2}.Release|Any CPU.ActiveCfg = Release|Any CPU
		{4E86D8C5-D700-4BE8-812E-08620EBD5AE2}.Release|Any CPU.Build.0 = Release|Any CPU
	EndGlobalSection
	GlobalSection(SolutionProperties) = preSolution
		HideSolutionNode = FALSE
	EndGlobalSection
	GlobalSection(ExtensibilityGlobals) = postSolution
		SolutionGuid = {C49CF565-D2BA-45F2-BE4F-CB50A63FF6D4}
	EndGlobalSection
EndGlobal
