
Microsoft Visual Studio Solution File, Format Version 12.00
# Visual Studio Version 17
VisualStudioVersion = 17.0.31912.275
MinimumVisualStudioVersion = 10.0.40219.1
Project("{FAE04EC0-301F-11D3-BF4B-00C04F79EFBC}") = "OpenFin.WindowsForm.TestHarness", "OpenFin.WindowsForm.TestHarness.csproj", "{F4C507D4-720F-46D3-AD0E-D892180367F0}"
EndProject
Project("{9A19103F-16F7-4668-BE54-9A1E7A4F7556}") = "OpenFin.Shared.WorkspaceManagement", "..\..\shared\OpenFin.Shared.WorkspaceManagement\OpenFin.Shared.WorkspaceManagement.csproj", "{F9CC2CE7-D6EF-4AED-9752-21F11A15994C}"
EndProject
Global
	GlobalSection(SolutionConfigurationPlatforms) = preSolution
		Debug|Any CPU = Debug|Any CPU
		Release|Any CPU = Release|Any CPU
	EndGlobalSection
	GlobalSection(ProjectConfigurationPlatforms) = postSolution
		{F4C507D4-720F-46D3-AD0E-D892180367F0}.Debug|Any CPU.ActiveCfg = Debug|Any CPU
		{F4C507D4-720F-46D3-AD0E-D892180367F0}.Debug|Any CPU.Build.0 = Debug|Any CPU
		{F4C507D4-720F-46D3-AD0E-D892180367F0}.Release|Any CPU.ActiveCfg = Release|Any CPU
		{F4C507D4-720F-46D3-AD0E-D892180367F0}.Release|Any CPU.Build.0 = Release|Any CPU
		{F9CC2CE7-D6EF-4AED-9752-21F11A15994C}.Debug|Any CPU.ActiveCfg = Debug|Any CPU
		{F9CC2CE7-D6EF-4AED-9752-21F11A15994C}.Debug|Any CPU.Build.0 = Debug|Any CPU
		{F9CC2CE7-D6EF-4AED-9752-21F11A15994C}.Release|Any CPU.ActiveCfg = Release|Any CPU
		{F9CC2CE7-D6EF-4AED-9752-21F11A15994C}.Release|Any CPU.Build.0 = Release|Any CPU
	EndGlobalSection
	GlobalSection(SolutionProperties) = preSolution
		HideSolutionNode = FALSE
	EndGlobalSection
	GlobalSection(ExtensibilityGlobals) = postSolution
		SolutionGuid = {A9865C1F-0513-4977-ABA1-4DE6833378C7}
	EndGlobalSection
EndGlobal
